
Microsoft Visual Studio Solution File, Format Version 12.00
# Visual Studio Version 17
VisualStudioVersion = 17.11.35312.102
MinimumVisualStudioVersion = 10.0.40219.1
Project("{FAE04EC0-301F-11D3-BF4B-00C04F79EFBC}") = "SolCentre", "SolCentre.csproj", "{317AF3D8-C932-4244-ACDC-B3BCE78FE66C}"
EndProject
Global
	GlobalSection(SolutionConfigurationPlatforms) = preSolution
		Debug|Any CPU = Debug|Any CPU
		Release|Any CPU = Release|Any CPU
	EndGlobalSection
	GlobalSection(ProjectConfigurationPlatforms) = postSolution
		{317AF3D8-C932-4244-ACDC-B3BCE78FE66C}.Debug|Any CPU.ActiveCfg = Debug|Any CPU
		{317AF3D8-C932-4244-ACDC-B3BCE78FE66C}.Debug|Any CPU.Build.0 = Debug|Any CPU
		{317AF3D8-C932-4244-ACDC-B3BCE78FE66C}.Release|Any CPU.ActiveCfg = Release|Any CPU
		{317AF3D8-C932-4244-ACDC-B3BCE78FE66C}.Release|Any CPU.Build.0 = Release|Any CPU
	EndGlobalSection
	GlobalSection(SolutionProperties) = preSolution
		HideSolutionNode = FALSE
	EndGlobalSection
	GlobalSection(ExtensibilityGlobals) = postSolution
		SolutionGuid = {0F28219C-6948-440B-B216-F98479A25961}
	EndGlobalSection
EndGlobal
